
Microsoft Visual Studio Solution File, Format Version 12.00
# Visual Studio Version 17
VisualStudioVersion = 17.13.35931.197
MinimumVisualStudioVersion = 10.0.40219.1
Project("{FAE04EC0-301F-11D3-BF4B-00C04F79EFBC}") = "Experimens", "Experimens\Experimens.csproj", "{2504D530-C4D2-4C74-B904-9A5F85EE2FF5}"
EndProject
Project("{FAE04EC0-301F-11D3-BF4B-00C04F79EFBC}") = "Tables", "Tables\Tables.csproj", "{B39452B8-76F9-4C68-BF5E-6C8FBEAA0CCE}"
EndProject
Global
	GlobalSection(SolutionConfigurationPlatforms) = preSolution
		Debug|Any CPU = Debug|Any CPU
		Release|Any CPU = Release|Any CPU
	EndGlobalSection
	GlobalSection(ProjectConfigurationPlatforms) = postSolution
		{2504D530-C4D2-4C74-B904-9A5F85EE2FF5}.Debug|Any CPU.ActiveCfg = Debug|Any CPU
		{2504D530-C4D2-4C74-B904-9A5F85EE2FF5}.Debug|Any CPU.Build.0 = Debug|Any CPU
		{2504D530-C4D2-4C74-B904-9A5F85EE2FF5}.Release|Any CPU.ActiveCfg = Release|Any CPU
		{2504D530-C4D2-4C74-B904-9A5F85EE2FF5}.Release|Any CPU.Build.0 = Release|Any CPU
		{B39452B8-76F9-4C68-BF5E-6C8FBEAA0CCE}.Debug|Any CPU.ActiveCfg = Debug|Any CPU
		{B39452B8-76F9-4C68-BF5E-6C8FBEAA0CCE}.Debug|Any CPU.Build.0 = Debug|Any CPU
		{B39452B8-76F9-4C68-BF5E-6C8FBEAA0CCE}.Release|Any CPU.ActiveCfg = Release|Any CPU
		{B39452B8-76F9-4C68-BF5E-6C8FBEAA0CCE}.Release|Any CPU.Build.0 = Release|Any CPU
	EndGlobalSection
	GlobalSection(SolutionProperties) = preSolution
		HideSolutionNode = FALSE
	EndGlobalSection
	GlobalSection(ExtensibilityGlobals) = postSolution
		SolutionGuid = {4D8DAE02-8E7B-4756-8E87-C698E0AA3963}
	EndGlobalSection
EndGlobal
